
Microsoft Visual Studio Solution File, Format Version 12.00
# Visual Studio Version 16
VisualStudioVersion = 16.0.31624.102
MinimumVisualStudioVersion = 10.0.40219.1
Project("{FAE04EC0-301F-11D3-BF4B-00C04F79EFBC}") = "CAP.1", "CAP.1\CAP.1.csproj", "{4592D39F-CFF9-4712-9ACF-5849AA93496C}"
EndProject
Global
	GlobalSection(SolutionConfigurationPlatforms) = preSolution
		Debug|Any CPU = Debug|Any CPU
		Release|Any CPU = Release|Any CPU
	EndGlobalSection
	GlobalSection(ProjectConfigurationPlatforms) = postSolution
		{4592D39F-CFF9-4712-9ACF-5849AA93496C}.Debug|Any CPU.ActiveCfg = Debug|Any CPU
		{4592D39F-CFF9-4712-9ACF-5849AA93496C}.Debug|Any CPU.Build.0 = Debug|Any CPU
		{4592D39F-CFF9-4712-9ACF-5849AA93496C}.Release|Any CPU.ActiveCfg = Release|Any CPU
		{4592D39F-CFF9-4712-9ACF-5849AA93496C}.Release|Any CPU.Build.0 = Release|Any CPU
	EndGlobalSection
	GlobalSection(SolutionProperties) = preSolution
		HideSolutionNode = FALSE
	EndGlobalSection
	GlobalSection(ExtensibilityGlobals) = postSolution
		SolutionGuid = {D4E7568F-5CEC-4784-BF3A-50DB2433B0BA}
	EndGlobalSection
EndGlobal
