
Microsoft Visual Studio Solution File, Format Version 12.00
# Visual Studio Version 16
VisualStudioVersion = 16.0.31624.102
MinimumVisualStudioVersion = 10.0.40219.1
Project("{FAE04EC0-301F-11D3-BF4B-00C04F79EFBC}") = "CAP.8", "CAP.8.csproj", "{D7B2483F-9BF3-4617-937F-4C319B143495}"
EndProject
Global
	GlobalSection(SolutionConfigurationPlatforms) = preSolution
		Debug|Any CPU = Debug|Any CPU
		Release|Any CPU = Release|Any CPU
	EndGlobalSection
	GlobalSection(ProjectConfigurationPlatforms) = postSolution
		{D7B2483F-9BF3-4617-937F-4C319B143495}.Debug|Any CPU.ActiveCfg = Debug|Any CPU
		{D7B2483F-9BF3-4617-937F-4C319B143495}.Debug|Any CPU.Build.0 = Debug|Any CPU
		{D7B2483F-9BF3-4617-937F-4C319B143495}.Release|Any CPU.ActiveCfg = Release|Any CPU
		{D7B2483F-9BF3-4617-937F-4C319B143495}.Release|Any CPU.Build.0 = Release|Any CPU
	EndGlobalSection
	GlobalSection(SolutionProperties) = preSolution
		HideSolutionNode = FALSE
	EndGlobalSection
	GlobalSection(ExtensibilityGlobals) = postSolution
		SolutionGuid = {2D901696-F5A6-4F20-95A5-4D0B1100A469}
	EndGlobalSection
EndGlobal
